// !$*UTF8*$!
{
	archiveVersion = 1;
	classes = {
	};
	objectVersion = 56;
	objects = {

/* Begin PBXBuildFile section */
		643A4642444B42548667FAC6 /* Pods_TigerLingua.framework in Frameworks */ = {isa = PBXBuildFile; fileRef = 823592823D0FFBDD65BB6A3C /* Pods_TigerLingua.framework */; };
		84F1B12A2C4E8734007A81D8 /* AppDelegate.swift in Sources */ = {isa = PBXBuildFile; fileRef = 84F1B1292C4E8734007A81D8 /* AppDelegate.swift */; };
		84F1B12C2C4E8734007A81D8 /* SceneDelegate.swift in Sources */ = {isa = PBXBuildFile; fileRef = 84F1B12B2C4E8734007A81D8 /* SceneDelegate.swift */; };
		84F1B12E2C4E8734007A81D8 /* ViewController.swift in Sources */ = {isa = PBXBuildFile; fileRef = 84F1B12D2C4E8734007A81D8 /* ViewController.swift */; };
		84F1B1312C4E8734007A81D8 /* Main.storyboard in Resources */ = {isa = PBXBuildFile; fileRef = 84F1B12F2C4E8734007A81D8 /* Main.storyboard */; };
		84F1B1332C4E8737007A81D8 /* Assets.xcassets in Resources */ = {isa = PBXBuildFile; fileRef = 84F1B1322C4E8737007A81D8 /* Assets.xcassets */; };
		84F1B1362C4E8737007A81D8 /* LaunchScreen.storyboard in Resources */ = {isa = PBXBuildFile; fileRef = 84F1B1342C4E8737007A81D8 /* LaunchScreen.storyboard */; };
		84F1B14D2C4E87DD007A81D8 /* LottieEmptyStateView.swift in Sources */ = {isa = PBXBuildFile; fileRef = 84F1B14C2C4E87DD007A81D8 /* LottieEmptyStateView.swift */; };
		84F1B14F2C4E87E9007A81D8 /* SettingsView.swift in Sources */ = {isa = PBXBuildFile; fileRef = 84F1B14E2C4E87E9007A81D8 /* SettingsView.swift */; };
		84F1B1512C4E87F4007A81D8 /* WordsView.swift in Sources */ = {isa = PBXBuildFile; fileRef = 84F1B1502C4E87F4007A81D8 /* WordsView.swift */; };
		84F1B1532C4E87FD007A81D8 /* WordsViewModel.swift in Sources */ = {isa = PBXBuildFile; fileRef = 84F1B1522C4E87FD007A81D8 /* WordsViewModel.swift */; };
		84F1B1552C4E8805007A81D8 /* NewGroupView.swift in Sources */ = {isa = PBXBuildFile; fileRef = 84F1B1542C4E8805007A81D8 /* NewGroupView.swift */; };
		84F1B1572C4E8815007A81D8 /* AddGroupViewModel.swift in Sources */ = {isa = PBXBuildFile; fileRef = 84F1B1562C4E8815007A81D8 /* AddGroupViewModel.swift */; };
		84F1B1592C4E881C007A81D8 /* GroupSmallRow.swift in Sources */ = {isa = PBXBuildFile; fileRef = 84F1B1582C4E881C007A81D8 /* GroupSmallRow.swift */; };
		84F1B15B2C4E8827007A81D8 /* TabMainView.swift in Sources */ = {isa = PBXBuildFile; fileRef = 84F1B15A2C4E8827007A81D8 /* TabMainView.swift */; };
		84F1B15D2C4E8835007A81D8 /* MakeWordView.swift in Sources */ = {isa = PBXBuildFile; fileRef = 84F1B15C2C4E8835007A81D8 /* MakeWordView.swift */; };
		84F1B15F2C4E8840007A81D8 /* ComposingView.swift in Sources */ = {isa = PBXBuildFile; fileRef = 84F1B15E2C4E8840007A81D8 /* ComposingView.swift */; };
		84F1B1612C4E8848007A81D8 /* SplittingView.swift in Sources */ = {isa = PBXBuildFile; fileRef = 84F1B1602C4E8848007A81D8 /* SplittingView.swift */; };
		84F1B1632C4E8855007A81D8 /* ChooseWordView.swift in Sources */ = {isa = PBXBuildFile; fileRef = 84F1B1622C4E8855007A81D8 /* ChooseWordView.swift */; };
		84F1B1652C4E8860007A81D8 /* WriteWordView.swift in Sources */ = {isa = PBXBuildFile; fileRef = 84F1B1642C4E8860007A81D8 /* WriteWordView.swift */; };
		84F1B1672C4E886A007A81D8 /* GroupDetailView.swift in Sources */ = {isa = PBXBuildFile; fileRef = 84F1B1662C4E886A007A81D8 /* GroupDetailView.swift */; };
		84F1B1692C4E8872007A81D8 /* GroupDetailVM.swift in Sources */ = {isa = PBXBuildFile; fileRef = 84F1B1682C4E8872007A81D8 /* GroupDetailVM.swift */; };
		84F1B16B2C4E887B007A81D8 /* AddNewWordsView.swift in Sources */ = {isa = PBXBuildFile; fileRef = 84F1B16A2C4E887B007A81D8 /* AddNewWordsView.swift */; };
		84F1B16D2C4E8884007A81D8 /* WordRow.swift in Sources */ = {isa = PBXBuildFile; fileRef = 84F1B16C2C4E8884007A81D8 /* WordRow.swift */; };
		84F1B16F2C4E8894007A81D8 /* RatingView.swift in Sources */ = {isa = PBXBuildFile; fileRef = 84F1B16E2C4E8894007A81D8 /* RatingView.swift */; };
		84F1B1712C4E88A2007A81D8 /* TrainingsScreen.swift in Sources */ = {isa = PBXBuildFile; fileRef = 84F1B1702C4E88A2007A81D8 /* TrainingsScreen.swift */; };
		84F1B1732C4E88AB007A81D8 /* PickerView.swift in Sources */ = {isa = PBXBuildFile; fileRef = 84F1B1722C4E88AB007A81D8 /* PickerView.swift */; };
		84F1B1752C4E88B6007A81D8 /* FlashCardView.swift in Sources */ = {isa = PBXBuildFile; fileRef = 84F1B1742C4E88B6007A81D8 /* FlashCardView.swift */; };
		84F1B1772C4E88BD007A81D8 /* FlashCardViewModel.swift in Sources */ = {isa = PBXBuildFile; fileRef = 84F1B1762C4E88BD007A81D8 /* FlashCardViewModel.swift */; };
		84F1B1792C4E88C9007A81D8 /* SpeechSynthesizer.swift in Sources */ = {isa = PBXBuildFile; fileRef = 84F1B1782C4E88C9007A81D8 /* SpeechSynthesizer.swift */; };
		84F1B17B2C4E88D1007A81D8 /* StorageManager.swift in Sources */ = {isa = PBXBuildFile; fileRef = 84F1B17A2C4E88D1007A81D8 /* StorageManager.swift */; };
		84F1B17D2C4E88D8007A81D8 /* DataManager.swift in Sources */ = {isa = PBXBuildFile; fileRef = 84F1B17C2C4E88D8007A81D8 /* DataManager.swift */; };
		84F1B17F2C4E88E5007A81D8 /* Model.swift in Sources */ = {isa = PBXBuildFile; fileRef = 84F1B17E2C4E88E5007A81D8 /* Model.swift */; };
		84F1B1812C4E88ED007A81D8 /* Training.swift in Sources */ = {isa = PBXBuildFile; fileRef = 84F1B1802C4E88ED007A81D8 /* Training.swift */; };
		84F1B1832C4E88F6007A81D8 /* Color.swift in Sources */ = {isa = PBXBuildFile; fileRef = 84F1B1822C4E88F6007A81D8 /* Color.swift */; };
		84F1B1852C4E88FF007A81D8 /* View.swift in Sources */ = {isa = PBXBuildFile; fileRef = 84F1B1842C4E88FF007A81D8 /* View.swift */; };
		84F1B1872C4E8909007A81D8 /* SwipeCardView.swift in Sources */ = {isa = PBXBuildFile; fileRef = 84F1B1862C4E8909007A81D8 /* SwipeCardView.swift */; };
		84F1B1892C4E8911007A81D8 /* SwipeCardViewModel.swift in Sources */ = {isa = PBXBuildFile; fileRef = 84F1B1882C4E8911007A81D8 /* SwipeCardViewModel.swift */; };
		84F1B18B2C4E891A007A81D8 /* BGView.swift in Sources */ = {isa = PBXBuildFile; fileRef = 84F1B18A2C4E891A007A81D8 /* BGView.swift */; };
		84F1B18D2C4E8923007A81D8 /* BaseViewModel.swift in Sources */ = {isa = PBXBuildFile; fileRef = 84F1B18C2C4E8923007A81D8 /* BaseViewModel.swift */; };
		84F1B18F2C4E892B007A81D8 /* CelebrationView.swift in Sources */ = {isa = PBXBuildFile; fileRef = 84F1B18E2C4E892B007A81D8 /* CelebrationView.swift */; };
		84F1B1912C4E8933007A81D8 /* WarningView.swift in Sources */ = {isa = PBXBuildFile; fileRef = 84F1B1902C4E8933007A81D8 /* WarningView.swift */; };
		84F1B1932C4E893C007A81D8 /* CustomButtonView.swift in Sources */ = {isa = PBXBuildFile; fileRef = 84F1B1922C4E893C007A81D8 /* CustomButtonView.swift */; };
		84F1B1952C4E8946007A81D8 /* FinishView.swift in Sources */ = {isa = PBXBuildFile; fileRef = 84F1B1942C4E8946007A81D8 /* FinishView.swift */; };
		84F1B1972C4E8A76007A81D8 /* PrivacyInfo.xcprivacy in Resources */ = {isa = PBXBuildFile; fileRef = 84F1B1962C4E8A76007A81D8 /* PrivacyInfo.xcprivacy */; };
		84F1B19B2C4E8ACE007A81D8 /* Lottie in Frameworks */ = {isa = PBXBuildFile; productRef = 84F1B19A2C4E8ACE007A81D8 /* Lottie */; };
		84F1B19D2C4E8D31007A81D8 /* tiger.json in Resources */ = {isa = PBXBuildFile; fileRef = 84F1B19C2C4E8D31007A81D8 /* tiger.json */; };
		84F1B19F2C4EA03D007A81D8 /* GoogleService-Info.plist in Resources */ = {isa = PBXBuildFile; fileRef = 84F1B19E2C4EA03C007A81D8 /* GoogleService-Info.plist */; };
/* End PBXBuildFile section */

/* Begin PBXFileReference section */
		205EED7B78C6902839DC8ABF /* Pods-TigerLingua.debug.xcconfig */ = {isa = PBXFileReference; includeInIndex = 1; lastKnownFileType = text.xcconfig; name = "Pods-TigerLingua.debug.xcconfig"; path = "Target Support Files/Pods-TigerLingua/Pods-TigerLingua.debug.xcconfig"; sourceTree = "<group>"; };
		24A1A790A28942D540ECB756 /* Pods-TigerLingua.release.xcconfig */ = {isa = PBXFileReference; includeInIndex = 1; lastKnownFileType = text.xcconfig; name = "Pods-TigerLingua.release.xcconfig"; path = "Target Support Files/Pods-TigerLingua/Pods-TigerLingua.release.xcconfig"; sourceTree = "<group>"; };
		823592823D0FFBDD65BB6A3C /* Pods_TigerLingua.framework */ = {isa = PBXFileReference; explicitFileType = wrapper.framework; includeInIndex = 0; path = Pods_TigerLingua.framework; sourceTree = BUILT_PRODUCTS_DIR; };
		84F1B1262C4E8734007A81D8 /* TigerLingua.app */ = {isa = PBXFileReference; explicitFileType = wrapper.application; includeInIndex = 0; path = TigerLingua.app; sourceTree = BUILT_PRODUCTS_DIR; };
		84F1B1292C4E8734007A81D8 /* AppDelegate.swift */ = {isa = PBXFileReference; lastKnownFileType = sourcecode.swift; path = AppDelegate.swift; sourceTree = "<group>"; };
		84F1B12B2C4E8734007A81D8 /* SceneDelegate.swift */ = {isa = PBXFileReference; lastKnownFileType = sourcecode.swift; path = SceneDelegate.swift; sourceTree = "<group>"; };
		84F1B12D2C4E8734007A81D8 /* ViewController.swift */ = {isa = PBXFileReference; lastKnownFileType = sourcecode.swift; path = ViewController.swift; sourceTree = "<group>"; };
		84F1B1302C4E8734007A81D8 /* Base */ = {isa = PBXFileReference; lastKnownFileType = file.storyboard; name = Base; path = Base.lproj/Main.storyboard; sourceTree = "<group>"; };
		84F1B1322C4E8737007A81D8 /* Assets.xcassets */ = {isa = PBXFileReference; lastKnownFileType = folder.assetcatalog; path = Assets.xcassets; sourceTree = "<group>"; };
		84F1B1352C4E8737007A81D8 /* Base */ = {isa = PBXFileReference; lastKnownFileType = file.storyboard; name = Base; path = Base.lproj/LaunchScreen.storyboard; sourceTree = "<group>"; };
		84F1B1372C4E8737007A81D8 /* Info.plist */ = {isa = PBXFileReference; lastKnownFileType = text.plist.xml; path = Info.plist; sourceTree = "<group>"; };
		84F1B14C2C4E87DD007A81D8 /* LottieEmptyStateView.swift */ = {isa = PBXFileReference; lastKnownFileType = sourcecode.swift; path = LottieEmptyStateView.swift; sourceTree = "<group>"; };
		84F1B14E2C4E87E9007A81D8 /* SettingsView.swift */ = {isa = PBXFileReference; lastKnownFileType = sourcecode.swift; path = SettingsView.swift; sourceTree = "<group>"; };
		84F1B1502C4E87F4007A81D8 /* WordsView.swift */ = {isa = PBXFileReference; lastKnownFileType = sourcecode.swift; path = WordsView.swift; sourceTree = "<group>"; };
		84F1B1522C4E87FD007A81D8 /* WordsViewModel.swift */ = {isa = PBXFileReference; lastKnownFileType = sourcecode.swift; path = WordsViewModel.swift; sourceTree = "<group>"; };
		84F1B1542C4E8805007A81D8 /* NewGroupView.swift */ = {isa = PBXFileReference; lastKnownFileType = sourcecode.swift; path = NewGroupView.swift; sourceTree = "<group>"; };
		84F1B1562C4E8815007A81D8 /* AddGroupViewModel.swift */ = {isa = PBXFileReference; lastKnownFileType = sourcecode.swift; path = AddGroupViewModel.swift; sourceTree = "<group>"; };
		84F1B1582C4E881C007A81D8 /* GroupSmallRow.swift */ = {isa = PBXFileReference; lastKnownFileType = sourcecode.swift; path = GroupSmallRow.swift; sourceTree = "<group>"; };
		84F1B15A2C4E8827007A81D8 /* TabMainView.swift */ = {isa = PBXFileReference; lastKnownFileType = sourcecode.swift; path = TabMainView.swift; sourceTree = "<group>"; };
		84F1B15C2C4E8835007A81D8 /* MakeWordView.swift */ = {isa = PBXFileReference; lastKnownFileType = sourcecode.swift; path = MakeWordView.swift; sourceTree = "<group>"; };
		84F1B15E2C4E8840007A81D8 /* ComposingView.swift */ = {isa = PBXFileReference; lastKnownFileType = sourcecode.swift; path = ComposingView.swift; sourceTree = "<group>"; };
		84F1B1602C4E8848007A81D8 /* SplittingView.swift */ = {isa = PBXFileReference; lastKnownFileType = sourcecode.swift; path = SplittingView.swift; sourceTree = "<group>"; };
		84F1B1622C4E8855007A81D8 /* ChooseWordView.swift */ = {isa = PBXFileReference; lastKnownFileType = sourcecode.swift; path = ChooseWordView.swift; sourceTree = "<group>"; };
		84F1B1642C4E8860007A81D8 /* WriteWordView.swift */ = {isa = PBXFileReference; lastKnownFileType = sourcecode.swift; path = WriteWordView.swift; sourceTree = "<group>"; };
		84F1B1662C4E886A007A81D8 /* GroupDetailView.swift */ = {isa = PBXFileReference; lastKnownFileType = sourcecode.swift; path = GroupDetailView.swift; sourceTree = "<group>"; };
		84F1B1682C4E8872007A81D8 /* GroupDetailVM.swift */ = {isa = PBXFileReference; lastKnownFileType = sourcecode.swift; path = GroupDetailVM.swift; sourceTree = "<group>"; };
		84F1B16A2C4E887B007A81D8 /* AddNewWordsView.swift */ = {isa = PBXFileReference; lastKnownFileType = sourcecode.swift; path = AddNewWordsView.swift; sourceTree = "<group>"; };
		84F1B16C2C4E8884007A81D8 /* WordRow.swift */ = {isa = PBXFileReference; lastKnownFileType = sourcecode.swift; path = WordRow.swift; sourceTree = "<group>"; };
		84F1B16E2C4E8894007A81D8 /* RatingView.swift */ = {isa = PBXFileReference; lastKnownFileType = sourcecode.swift; path = RatingView.swift; sourceTree = "<group>"; };
		84F1B1702C4E88A2007A81D8 /* TrainingsScreen.swift */ = {isa = PBXFileReference; lastKnownFileType = sourcecode.swift; path = TrainingsScreen.swift; sourceTree = "<group>"; };
		84F1B1722C4E88AB007A81D8 /* PickerView.swift */ = {isa = PBXFileReference; lastKnownFileType = sourcecode.swift; path = PickerView.swift; sourceTree = "<group>"; };
		84F1B1742C4E88B6007A81D8 /* FlashCardView.swift */ = {isa = PBXFileReference; lastKnownFileType = sourcecode.swift; path = FlashCardView.swift; sourceTree = "<group>"; };
		84F1B1762C4E88BD007A81D8 /* FlashCardViewModel.swift */ = {isa = PBXFileReference; lastKnownFileType = sourcecode.swift; path = FlashCardViewModel.swift; sourceTree = "<group>"; };
		84F1B1782C4E88C9007A81D8 /* SpeechSynthesizer.swift */ = {isa = PBXFileReference; lastKnownFileType = sourcecode.swift; path = SpeechSynthesizer.swift; sourceTree = "<group>"; };
		84F1B17A2C4E88D1007A81D8 /* StorageManager.swift */ = {isa = PBXFileReference; lastKnownFileType = sourcecode.swift; path = StorageManager.swift; sourceTree = "<group>"; };
		84F1B17C2C4E88D8007A81D8 /* DataManager.swift */ = {isa = PBXFileReference; lastKnownFileType = sourcecode.swift; path = DataManager.swift; sourceTree = "<group>"; };
		84F1B17E2C4E88E5007A81D8 /* Model.swift */ = {isa = PBXFileReference; lastKnownFileType = sourcecode.swift; path = Model.swift; sourceTree = "<group>"; };
		84F1B1802C4E88ED007A81D8 /* Training.swift */ = {isa = PBXFileReference; lastKnownFileType = sourcecode.swift; path = Training.swift; sourceTree = "<group>"; };
		84F1B1822C4E88F6007A81D8 /* Color.swift */ = {isa = PBXFileReference; lastKnownFileType = sourcecode.swift; path = Color.swift; sourceTree = "<group>"; };
		84F1B1842C4E88FF007A81D8 /* View.swift */ = {isa = PBXFileReference; lastKnownFileType = sourcecode.swift; path = View.swift; sourceTree = "<group>"; };
		84F1B1862C4E8909007A81D8 /* SwipeCardView.swift */ = {isa = PBXFileReference; lastKnownFileType = sourcecode.swift; path = SwipeCardView.swift; sourceTree = "<group>"; };
		84F1B1882C4E8911007A81D8 /* SwipeCardViewModel.swift */ = {isa = PBXFileReference; lastKnownFileType = sourcecode.swift; path = SwipeCardViewModel.swift; sourceTree = "<group>"; };
		84F1B18A2C4E891A007A81D8 /* BGView.swift */ = {isa = PBXFileReference; lastKnownFileType = sourcecode.swift; path = BGView.swift; sourceTree = "<group>"; };
		84F1B18C2C4E8923007A81D8 /* BaseViewModel.swift */ = {isa = PBXFileReference; lastKnownFileType = sourcecode.swift; path = BaseViewModel.swift; sourceTree = "<group>"; };
		84F1B18E2C4E892B007A81D8 /* CelebrationView.swift */ = {isa = PBXFileReference; lastKnownFileType = sourcecode.swift; path = CelebrationView.swift; sourceTree = "<group>"; };
		84F1B1902C4E8933007A81D8 /* WarningView.swift */ = {isa = PBXFileReference; lastKnownFileType = sourcecode.swift; path = WarningView.swift; sourceTree = "<group>"; };
		84F1B1922C4E893C007A81D8 /* CustomButtonView.swift */ = {isa = PBXFileReference; lastKnownFileType = sourcecode.swift; path = CustomButtonView.swift; sourceTree = "<group>"; };
		84F1B1942C4E8946007A81D8 /* FinishView.swift */ = {isa = PBXFileReference; lastKnownFileType = sourcecode.swift; path = FinishView.swift; sourceTree = "<group>"; };
		84F1B1962C4E8A76007A81D8 /* PrivacyInfo.xcprivacy */ = {isa = PBXFileReference; lastKnownFileType = text.xml; path = PrivacyInfo.xcprivacy; sourceTree = "<group>"; };
		84F1B1982C4E8A8B007A81D8 /* TigerLingua.entitlements */ = {isa = PBXFileReference; lastKnownFileType = text.plist.entitlements; path = TigerLingua.entitlements; sourceTree = "<group>"; };
		84F1B19C2C4E8D31007A81D8 /* tiger.json */ = {isa = PBXFileReference; fileEncoding = 4; lastKnownFileType = text.json; path = tiger.json; sourceTree = "<group>"; };
		84F1B19E2C4EA03C007A81D8 /* GoogleService-Info.plist */ = {isa = PBXFileReference; fileEncoding = 4; lastKnownFileType = text.plist.xml; path = "GoogleService-Info.plist"; sourceTree = "<group>"; };
/* End PBXFileReference section */

/* Begin PBXFrameworksBuildPhase section */
		84F1B1232C4E8734007A81D8 /* Frameworks */ = {
			isa = PBXFrameworksBuildPhase;
			buildActionMask = 2147483647;
			files = (
				84F1B19B2C4E8ACE007A81D8 /* Lottie in Frameworks */,
				643A4642444B42548667FAC6 /* Pods_TigerLingua.framework in Frameworks */,
			);
			runOnlyForDeploymentPostprocessing = 0;
		};
/* End PBXFrameworksBuildPhase section */

/* Begin PBXGroup section */
		84F1B11D2C4E8734007A81D8 = {
			isa = PBXGroup;
			children = (
				84F1B19C2C4E8D31007A81D8 /* tiger.json */,
				84F1B19E2C4EA03C007A81D8 /* GoogleService-Info.plist */,
				84F1B1962C4E8A76007A81D8 /* PrivacyInfo.xcprivacy */,
				84F1B1282C4E8734007A81D8 /* TigerLingua */,
				84F1B1272C4E8734007A81D8 /* Products */,
				E6FB0433A0FC44393AA98E7D /* Pods */,
				881D605B9708751F6B8F12AC /* Frameworks */,
			);
			sourceTree = "<group>";
		};
		84F1B1272C4E8734007A81D8 /* Products */ = {
			isa = PBXGroup;
			children = (
				84F1B1262C4E8734007A81D8 /* TigerLingua.app */,
			);
			name = Products;
			sourceTree = "<group>";
		};
		84F1B1282C4E8734007A81D8 /* TigerLingua */ = {
			isa = PBXGroup;
			children = (
				84F1B1982C4E8A8B007A81D8 /* TigerLingua.entitlements */,
				84F1B14B2C4E87C9007A81D8 /* Components */,
				84F1B14A2C4E87C4007A81D8 /* Ext */,
				84F1B1492C4E87BD007A81D8 /* Model */,
				84F1B1482C4E87B7007A81D8 /* Service */,
				84F1B1472C4E87B0007A81D8 /* FlashCard */,
				84F1B1462C4E87AA007A81D8 /* TrainingsScreen */,
				84F1B1452C4E87A2007A81D8 /* GroupDetail */,
				84F1B1442C4E879C007A81D8 /* WriteWord */,
				84F1B1432C4E878F007A81D8 /* ChooseWord */,
				84F1B1422C4E8789007A81D8 /* MakeWord */,
				84F1B1412C4E8781007A81D8 /* Tab */,
				84F1B1402C4E877B007A81D8 /* ListOfGroups */,
				84F1B13F2C4E8775007A81D8 /* Settings */,
				84F1B13E2C4E876D007A81D8 /* Lottie */,
				84F1B13D2C4E8766007A81D8 /* APP */,
				84F1B12F2C4E8734007A81D8 /* Main.storyboard */,
				84F1B1322C4E8737007A81D8 /* Assets.xcassets */,
				84F1B1342C4E8737007A81D8 /* LaunchScreen.storyboard */,
				84F1B1372C4E8737007A81D8 /* Info.plist */,
			);
			path = TigerLingua;
			sourceTree = "<group>";
		};
		84F1B13D2C4E8766007A81D8 /* APP */ = {
			isa = PBXGroup;
			children = (
				84F1B1292C4E8734007A81D8 /* AppDelegate.swift */,
				84F1B12B2C4E8734007A81D8 /* SceneDelegate.swift */,
				84F1B12D2C4E8734007A81D8 /* ViewController.swift */,
			);
			path = APP;
			sourceTree = "<group>";
		};
		84F1B13E2C4E876D007A81D8 /* Lottie */ = {
			isa = PBXGroup;
			children = (
				84F1B14C2C4E87DD007A81D8 /* LottieEmptyStateView.swift */,
			);
			path = Lottie;
			sourceTree = "<group>";
		};
		84F1B13F2C4E8775007A81D8 /* Settings */ = {
			isa = PBXGroup;
			children = (
				84F1B14E2C4E87E9007A81D8 /* SettingsView.swift */,
			);
			path = Settings;
			sourceTree = "<group>";
		};
		84F1B1402C4E877B007A81D8 /* ListOfGroups */ = {
			isa = PBXGroup;
			children = (
				84F1B1502C4E87F4007A81D8 /* WordsView.swift */,
				84F1B1522C4E87FD007A81D8 /* WordsViewModel.swift */,
				84F1B1542C4E8805007A81D8 /* NewGroupView.swift */,
				84F1B1562C4E8815007A81D8 /* AddGroupViewModel.swift */,
				84F1B1582C4E881C007A81D8 /* GroupSmallRow.swift */,
			);
			path = ListOfGroups;
			sourceTree = "<group>";
		};
		84F1B1412C4E8781007A81D8 /* Tab */ = {
			isa = PBXGroup;
			children = (
				84F1B15A2C4E8827007A81D8 /* TabMainView.swift */,
			);
			path = Tab;
			sourceTree = "<group>";
		};
		84F1B1422C4E8789007A81D8 /* MakeWord */ = {
			isa = PBXGroup;
			children = (
				84F1B15C2C4E8835007A81D8 /* MakeWordView.swift */,
				84F1B15E2C4E8840007A81D8 /* ComposingView.swift */,
				84F1B1602C4E8848007A81D8 /* SplittingView.swift */,
			);
			path = MakeWord;
			sourceTree = "<group>";
		};
		84F1B1432C4E878F007A81D8 /* ChooseWord */ = {
			isa = PBXGroup;
			children = (
				84F1B1622C4E8855007A81D8 /* ChooseWordView.swift */,
			);
			path = ChooseWord;
			sourceTree = "<group>";
		};
		84F1B1442C4E879C007A81D8 /* WriteWord */ = {
			isa = PBXGroup;
			children = (
				84F1B1642C4E8860007A81D8 /* WriteWordView.swift */,
			);
			path = WriteWord;
			sourceTree = "<group>";
		};
		84F1B1452C4E87A2007A81D8 /* GroupDetail */ = {
			isa = PBXGroup;
			children = (
				84F1B1662C4E886A007A81D8 /* GroupDetailView.swift */,
				84F1B1682C4E8872007A81D8 /* GroupDetailVM.swift */,
				84F1B16A2C4E887B007A81D8 /* AddNewWordsView.swift */,
				84F1B16C2C4E8884007A81D8 /* WordRow.swift */,
				84F1B16E2C4E8894007A81D8 /* RatingView.swift */,
			);
			path = GroupDetail;
			sourceTree = "<group>";
		};
		84F1B1462C4E87AA007A81D8 /* TrainingsScreen */ = {
			isa = PBXGroup;
			children = (
				84F1B1702C4E88A2007A81D8 /* TrainingsScreen.swift */,
				84F1B1722C4E88AB007A81D8 /* PickerView.swift */,
			);
			path = TrainingsScreen;
			sourceTree = "<group>";
		};
		84F1B1472C4E87B0007A81D8 /* FlashCard */ = {
			isa = PBXGroup;
			children = (
				84F1B1742C4E88B6007A81D8 /* FlashCardView.swift */,
				84F1B1762C4E88BD007A81D8 /* FlashCardViewModel.swift */,
			);
			path = FlashCard;
			sourceTree = "<group>";
		};
		84F1B1482C4E87B7007A81D8 /* Service */ = {
			isa = PBXGroup;
			children = (
				84F1B1782C4E88C9007A81D8 /* SpeechSynthesizer.swift */,
				84F1B17A2C4E88D1007A81D8 /* StorageManager.swift */,
				84F1B17C2C4E88D8007A81D8 /* DataManager.swift */,
			);
			path = Service;
			sourceTree = "<group>";
		};
		84F1B1492C4E87BD007A81D8 /* Model */ = {
			isa = PBXGroup;
			children = (
				84F1B17E2C4E88E5007A81D8 /* Model.swift */,
				84F1B1802C4E88ED007A81D8 /* Training.swift */,
			);
			path = Model;
			sourceTree = "<group>";
		};
		84F1B14A2C4E87C4007A81D8 /* Ext */ = {
			isa = PBXGroup;
			children = (
				84F1B1822C4E88F6007A81D8 /* Color.swift */,
				84F1B1842C4E88FF007A81D8 /* View.swift */,
			);
			path = Ext;
			sourceTree = "<group>";
		};
		84F1B14B2C4E87C9007A81D8 /* Components */ = {
			isa = PBXGroup;
			children = (
				84F1B1862C4E8909007A81D8 /* SwipeCardView.swift */,
				84F1B1882C4E8911007A81D8 /* SwipeCardViewModel.swift */,
				84F1B18A2C4E891A007A81D8 /* BGView.swift */,
				84F1B18C2C4E8923007A81D8 /* BaseViewModel.swift */,
				84F1B18E2C4E892B007A81D8 /* CelebrationView.swift */,
				84F1B1902C4E8933007A81D8 /* WarningView.swift */,
				84F1B1922C4E893C007A81D8 /* CustomButtonView.swift */,
				84F1B1942C4E8946007A81D8 /* FinishView.swift */,
			);
			path = Components;
			sourceTree = "<group>";
		};
		881D605B9708751F6B8F12AC /* Frameworks */ = {
			isa = PBXGroup;
			children = (
				823592823D0FFBDD65BB6A3C /* Pods_TigerLingua.framework */,
			);
			name = Frameworks;
			sourceTree = "<group>";
		};
		E6FB0433A0FC44393AA98E7D /* Pods */ = {
			isa = PBXGroup;
			children = (
				205EED7B78C6902839DC8ABF /* Pods-TigerLingua.debug.xcconfig */,
				24A1A790A28942D540ECB756 /* Pods-TigerLingua.release.xcconfig */,
			);
			path = Pods;
			sourceTree = "<group>";
		};
/* End PBXGroup section */

/* Begin PBXNativeTarget section */
		84F1B1252C4E8734007A81D8 /* TigerLingua */ = {
			isa = PBXNativeTarget;
			buildConfigurationList = 84F1B13A2C4E8737007A81D8 /* Build configuration list for PBXNativeTarget "TigerLingua" */;
			buildPhases = (
				B9C145FC7AF755DAE0A860FE /* [CP] Check Pods Manifest.lock */,
				84F1B1222C4E8734007A81D8 /* Sources */,
				84F1B1232C4E8734007A81D8 /* Frameworks */,
				84F1B1242C4E8734007A81D8 /* Resources */,
				7611C9990966D0D2B6B23042 /* [CP] Embed Pods Frameworks */,
				D12D6ABB02A5F45D6DDBF45F /* [CP] Copy Pods Resources */,
			);
			buildRules = (
			);
			dependencies = (
			);
			name = TigerLingua;
			packageProductDependencies = (
				84F1B19A2C4E8ACE007A81D8 /* Lottie */,
			);
			productName = TigerLingua;
			productReference = 84F1B1262C4E8734007A81D8 /* TigerLingua.app */;
			productType = "com.apple.product-type.application";
		};
/* End PBXNativeTarget section */

/* Begin PBXProject section */
		84F1B11E2C4E8734007A81D8 /* Project object */ = {
			isa = PBXProject;
			attributes = {
				BuildIndependentTargetsInParallel = 1;
				LastSwiftUpdateCheck = 1520;
				LastUpgradeCheck = 1520;
				TargetAttributes = {
					84F1B1252C4E8734007A81D8 = {
						CreatedOnToolsVersion = 15.2;
					};
				};
			};
			buildConfigurationList = 84F1B1212C4E8734007A81D8 /* Build configuration list for PBXProject "TigerLingua" */;
			compatibilityVersion = "Xcode 14.0";
			developmentRegion = en;
			hasScannedForEncodings = 0;
			knownRegions = (
				en,
				Base,
			);
			mainGroup = 84F1B11D2C4E8734007A81D8;
			packageReferences = (
				84F1B1992C4E8ACE007A81D8 /* XCRemoteSwiftPackageReference "lottie-spm" */,
			);
			productRefGroup = 84F1B1272C4E8734007A81D8 /* Products */;
			projectDirPath = "";
			projectRoot = "";
			targets = (
				84F1B1252C4E8734007A81D8 /* TigerLingua */,
			);
		};
/* End PBXProject section */

/* Begin PBXResourcesBuildPhase section */
		84F1B1242C4E8734007A81D8 /* Resources */ = {
			isa = PBXResourcesBuildPhase;
			buildActionMask = 2147483647;
			files = (
				84F1B1362C4E8737007A81D8 /* LaunchScreen.storyboard in Resources */,
				84F1B1332C4E8737007A81D8 /* Assets.xcassets in Resources */,
				84F1B1972C4E8A76007A81D8 /* PrivacyInfo.xcprivacy in Resources */,
				84F1B19D2C4E8D31007A81D8 /* tiger.json in Resources */,
				84F1B1312C4E8734007A81D8 /* Main.storyboard in Resources */,
				84F1B19F2C4EA03D007A81D8 /* GoogleService-Info.plist in Resources */,
			);
			runOnlyForDeploymentPostprocessing = 0;
		};
/* End PBXResourcesBuildPhase section */

/* Begin PBXShellScriptBuildPhase section */
		7611C9990966D0D2B6B23042 /* [CP] Embed Pods Frameworks */ = {
			isa = PBXShellScriptBuildPhase;
			buildActionMask = 2147483647;
			files = (
			);
			inputFileListPaths = (
				"${PODS_ROOT}/Target Support Files/Pods-TigerLingua/Pods-TigerLingua-frameworks-${CONFIGURATION}-input-files.xcfilelist",
			);
			name = "[CP] Embed Pods Frameworks";
			outputFileListPaths = (
				"${PODS_ROOT}/Target Support Files/Pods-TigerLingua/Pods-TigerLingua-frameworks-${CONFIGURATION}-output-files.xcfilelist",
			);
			runOnlyForDeploymentPostprocessing = 0;
			shellPath = /bin/sh;
			shellScript = "\"${PODS_ROOT}/Target Support Files/Pods-TigerLingua/Pods-TigerLingua-frameworks.sh\"\n";
			showEnvVarsInLog = 0;
		};
		B9C145FC7AF755DAE0A860FE /* [CP] Check Pods Manifest.lock */ = {
			isa = PBXShellScriptBuildPhase;
			buildActionMask = 2147483647;
			files = (
			);
			inputFileListPaths = (
			);
			inputPaths = (
				"${PODS_PODFILE_DIR_PATH}/Podfile.lock",
				"${PODS_ROOT}/Manifest.lock",
			);
			name = "[CP] Check Pods Manifest.lock";
			outputFileListPaths = (
			);
			outputPaths = (
				"$(DERIVED_FILE_DIR)/Pods-TigerLingua-checkManifestLockResult.txt",
			);
			runOnlyForDeploymentPostprocessing = 0;
			shellPath = /bin/sh;
			shellScript = "diff \"${PODS_PODFILE_DIR_PATH}/Podfile.lock\" \"${PODS_ROOT}/Manifest.lock\" > /dev/null\nif [ $? != 0 ] ; then\n    # print error to STDERR\n    echo \"error: The sandbox is not in sync with the Podfile.lock. Run 'pod install' or update your CocoaPods installation.\" >&2\n    exit 1\nfi\n# This output is used by Xcode 'outputs' to avoid re-running this script phase.\necho \"SUCCESS\" > \"${SCRIPT_OUTPUT_FILE_0}\"\n";
			showEnvVarsInLog = 0;
		};
		D12D6ABB02A5F45D6DDBF45F /* [CP] Copy Pods Resources */ = {
			isa = PBXShellScriptBuildPhase;
			buildActionMask = 2147483647;
			files = (
			);
			inputFileListPaths = (
				"${PODS_ROOT}/Target Support Files/Pods-TigerLingua/Pods-TigerLingua-resources-${CONFIGURATION}-input-files.xcfilelist",
			);
			name = "[CP] Copy Pods Resources";
			outputFileListPaths = (
				"${PODS_ROOT}/Target Support Files/Pods-TigerLingua/Pods-TigerLingua-resources-${CONFIGURATION}-output-files.xcfilelist",
			);
			runOnlyForDeploymentPostprocessing = 0;
			shellPath = /bin/sh;
			shellScript = "\"${PODS_ROOT}/Target Support Files/Pods-TigerLingua/Pods-TigerLingua-resources.sh\"\n";
			showEnvVarsInLog = 0;
		};
/* End PBXShellScriptBuildPhase section */

/* Begin PBXSourcesBuildPhase section */
		84F1B1222C4E8734007A81D8 /* Sources */ = {
			isa = PBXSourcesBuildPhase;
			buildActionMask = 2147483647;
			files = (
				84F1B1852C4E88FF007A81D8 /* View.swift in Sources */,
				84F1B16D2C4E8884007A81D8 /* WordRow.swift in Sources */,
				84F1B18F2C4E892B007A81D8 /* CelebrationView.swift in Sources */,
				84F1B1872C4E8909007A81D8 /* SwipeCardView.swift in Sources */,
				84F1B1652C4E8860007A81D8 /* WriteWordView.swift in Sources */,
				84F1B1792C4E88C9007A81D8 /* SpeechSynthesizer.swift in Sources */,
				84F1B18D2C4E8923007A81D8 /* BaseViewModel.swift in Sources */,
				84F1B14F2C4E87E9007A81D8 /* SettingsView.swift in Sources */,
				84F1B1672C4E886A007A81D8 /* GroupDetailView.swift in Sources */,
				84F1B1612C4E8848007A81D8 /* SplittingView.swift in Sources */,
				84F1B1712C4E88A2007A81D8 /* TrainingsScreen.swift in Sources */,
				84F1B16B2C4E887B007A81D8 /* AddNewWordsView.swift in Sources */,
				84F1B16F2C4E8894007A81D8 /* RatingView.swift in Sources */,
				84F1B12E2C4E8734007A81D8 /* ViewController.swift in Sources */,
				84F1B1752C4E88B6007A81D8 /* FlashCardView.swift in Sources */,
				84F1B18B2C4E891A007A81D8 /* BGView.swift in Sources */,
				84F1B1572C4E8815007A81D8 /* AddGroupViewModel.swift in Sources */,
				84F1B1532C4E87FD007A81D8 /* WordsViewModel.swift in Sources */,
				84F1B1772C4E88BD007A81D8 /* FlashCardViewModel.swift in Sources */,
				84F1B1592C4E881C007A81D8 /* GroupSmallRow.swift in Sources */,
				84F1B1512C4E87F4007A81D8 /* WordsView.swift in Sources */,
				84F1B1732C4E88AB007A81D8 /* PickerView.swift in Sources */,
				84F1B17D2C4E88D8007A81D8 /* DataManager.swift in Sources */,
				84F1B15B2C4E8827007A81D8 /* TabMainView.swift in Sources */,
				84F1B1832C4E88F6007A81D8 /* Color.swift in Sources */,
				84F1B1812C4E88ED007A81D8 /* Training.swift in Sources */,
				84F1B15F2C4E8840007A81D8 /* ComposingView.swift in Sources */,
				84F1B1632C4E8855007A81D8 /* ChooseWordView.swift in Sources */,
				84F1B14D2C4E87DD007A81D8 /* LottieEmptyStateView.swift in Sources */,
				84F1B1912C4E8933007A81D8 /* WarningView.swift in Sources */,
				84F1B17B2C4E88D1007A81D8 /* StorageManager.swift in Sources */,
				84F1B1952C4E8946007A81D8 /* FinishView.swift in Sources */,
				84F1B12A2C4E8734007A81D8 /* AppDelegate.swift in Sources */,
				84F1B12C2C4E8734007A81D8 /* SceneDelegate.swift in Sources */,
				84F1B17F2C4E88E5007A81D8 /* Model.swift in Sources */,
				84F1B15D2C4E8835007A81D8 /* MakeWordView.swift in Sources */,
				84F1B1552C4E8805007A81D8 /* NewGroupView.swift in Sources */,
				84F1B1932C4E893C007A81D8 /* CustomButtonView.swift in Sources */,
				84F1B1692C4E8872007A81D8 /* GroupDetailVM.swift in Sources */,
				84F1B1892C4E8911007A81D8 /* SwipeCardViewModel.swift in Sources */,
			);
			runOnlyForDeploymentPostprocessing = 0;
		};
/* End PBXSourcesBuildPhase section */

/* Begin PBXVariantGroup section */
		84F1B12F2C4E8734007A81D8 /* Main.storyboard */ = {
			isa = PBXVariantGroup;
			children = (
				84F1B1302C4E8734007A81D8 /* Base */,
			);
			name = Main.storyboard;
			sourceTree = "<group>";
		};
		84F1B1342C4E8737007A81D8 /* LaunchScreen.storyboard */ = {
			isa = PBXVariantGroup;
			children = (
				84F1B1352C4E8737007A81D8 /* Base */,
			);
			name = LaunchScreen.storyboard;
			sourceTree = "<group>";
		};
/* End PBXVariantGroup section */

/* Begin XCBuildConfiguration section */
		84F1B1382C4E8737007A81D8 /* Debug */ = {
			isa = XCBuildConfiguration;
			buildSettings = {
				ALWAYS_SEARCH_USER_PATHS = NO;
				ASSETCATALOG_COMPILER_GENERATE_SWIFT_ASSET_SYMBOL_EXTENSIONS = YES;
				CLANG_ANALYZER_NONNULL = YES;
				CLANG_ANALYZER_NUMBER_OBJECT_CONVERSION = YES_AGGRESSIVE;
				CLANG_CXX_LANGUAGE_STANDARD = "gnu++20";
				CLANG_ENABLE_MODULES = YES;
				CLANG_ENABLE_OBJC_ARC = YES;
				CLANG_ENABLE_OBJC_WEAK = YES;
				CLANG_WARN_BLOCK_CAPTURE_AUTORELEASING = YES;
				CLANG_WARN_BOOL_CONVERSION = YES;
				CLANG_WARN_COMMA = YES;
				CLANG_WARN_CONSTANT_CONVERSION = YES;
				CLANG_WARN_DEPRECATED_OBJC_IMPLEMENTATIONS = YES;
				CLANG_WARN_DIRECT_OBJC_ISA_USAGE = YES_ERROR;
				CLANG_WARN_DOCUMENTATION_COMMENTS = YES;
				CLANG_WARN_EMPTY_BODY = YES;
				CLANG_WARN_ENUM_CONVERSION = YES;
				CLANG_WARN_INFINITE_RECURSION = YES;
				CLANG_WARN_INT_CONVERSION = YES;
				CLANG_WARN_NON_LITERAL_NULL_CONVERSION = YES;
				CLANG_WARN_OBJC_IMPLICIT_RETAIN_SELF = YES;
				CLANG_WARN_OBJC_LITERAL_CONVERSION = YES;
				CLANG_WARN_OBJC_ROOT_CLASS = YES_ERROR;
				CLANG_WARN_QUOTED_INCLUDE_IN_FRAMEWORK_HEADER = YES;
				CLANG_WARN_RANGE_LOOP_ANALYSIS = YES;
				CLANG_WARN_STRICT_PROTOTYPES = YES;
				CLANG_WARN_SUSPICIOUS_MOVE = YES;
				CLANG_WARN_UNGUARDED_AVAILABILITY = YES_AGGRESSIVE;
				CLANG_WARN_UNREACHABLE_CODE = YES;
				CLANG_WARN__DUPLICATE_METHOD_MATCH = YES;
				COPY_PHASE_STRIP = NO;
				DEBUG_INFORMATION_FORMAT = dwarf;
				ENABLE_STRICT_OBJC_MSGSEND = YES;
				ENABLE_TESTABILITY = YES;
				ENABLE_USER_SCRIPT_SANDBOXING = NO;
				GCC_C_LANGUAGE_STANDARD = gnu17;
				GCC_DYNAMIC_NO_PIC = NO;
				GCC_NO_COMMON_BLOCKS = YES;
				GCC_OPTIMIZATION_LEVEL = 0;
				GCC_PREPROCESSOR_DEFINITIONS = (
					"DEBUG=1",
					"$(inherited)",
				);
				GCC_WARN_64_TO_32_BIT_CONVERSION = YES;
				GCC_WARN_ABOUT_RETURN_TYPE = YES_ERROR;
				GCC_WARN_UNDECLARED_SELECTOR = YES;
				GCC_WARN_UNINITIALIZED_AUTOS = YES_AGGRESSIVE;
				GCC_WARN_UNUSED_FUNCTION = YES;
				GCC_WARN_UNUSED_VARIABLE = YES;
				IPHONEOS_DEPLOYMENT_TARGET = 17.2;
				LOCALIZATION_PREFERS_STRING_CATALOGS = YES;
				MTL_ENABLE_DEBUG_INFO = INCLUDE_SOURCE;
				MTL_FAST_MATH = YES;
				ONLY_ACTIVE_ARCH = YES;
				SDKROOT = iphoneos;
				SWIFT_ACTIVE_COMPILATION_CONDITIONS = "DEBUG $(inherited)";
				SWIFT_OPTIMIZATION_LEVEL = "-Onone";
			};
			name = Debug;
		};
		84F1B1392C4E8737007A81D8 /* Release */ = {
			isa = XCBuildConfiguration;
			buildSettings = {
				ALWAYS_SEARCH_USER_PATHS = NO;
				ASSETCATALOG_COMPILER_GENERATE_SWIFT_ASSET_SYMBOL_EXTENSIONS = YES;
				CLANG_ANALYZER_NONNULL = YES;
				CLANG_ANALYZER_NUMBER_OBJECT_CONVERSION = YES_AGGRESSIVE;
				CLANG_CXX_LANGUAGE_STANDARD = "gnu++20";
				CLANG_ENABLE_MODULES = YES;
				CLANG_ENABLE_OBJC_ARC = YES;
				CLANG_ENABLE_OBJC_WEAK = YES;
				CLANG_WARN_BLOCK_CAPTURE_AUTORELEASING = YES;
				CLANG_WARN_BOOL_CONVERSION = YES;
				CLANG_WARN_COMMA = YES;
				CLANG_WARN_CONSTANT_CONVERSION = YES;
				CLANG_WARN_DEPRECATED_OBJC_IMPLEMENTATIONS = YES;
				CLANG_WARN_DIRECT_OBJC_ISA_USAGE = YES_ERROR;
				CLANG_WARN_DOCUMENTATION_COMMENTS = YES;
				CLANG_WARN_EMPTY_BODY = YES;
				CLANG_WARN_ENUM_CONVERSION = YES;
				CLANG_WARN_INFINITE_RECURSION = YES;
				CLANG_WARN_INT_CONVERSION = YES;
				CLANG_WARN_NON_LITERAL_NULL_CONVERSION = YES;
				CLANG_WARN_OBJC_IMPLICIT_RETAIN_SELF = YES;
				CLANG_WARN_OBJC_LITERAL_CONVERSION = YES;
				CLANG_WARN_OBJC_ROOT_CLASS = YES_ERROR;
				CLANG_WARN_QUOTED_INCLUDE_IN_FRAMEWORK_HEADER = YES;
				CLANG_WARN_RANGE_LOOP_ANALYSIS = YES;
				CLANG_WARN_STRICT_PROTOTYPES = YES;
				CLANG_WARN_SUSPICIOUS_MOVE = YES;
				CLANG_WARN_UNGUARDED_AVAILABILITY = YES_AGGRESSIVE;
				CLANG_WARN_UNREACHABLE_CODE = YES;
				CLANG_WARN__DUPLICATE_METHOD_MATCH = YES;
				COPY_PHASE_STRIP = NO;
				DEBUG_INFORMATION_FORMAT = "dwarf-with-dsym";
				ENABLE_NS_ASSERTIONS = NO;
				ENABLE_STRICT_OBJC_MSGSEND = YES;
				ENABLE_USER_SCRIPT_SANDBOXING = NO;
				GCC_C_LANGUAGE_STANDARD = gnu17;
				GCC_NO_COMMON_BLOCKS = YES;
				GCC_WARN_64_TO_32_BIT_CONVERSION = YES;
				GCC_WARN_ABOUT_RETURN_TYPE = YES_ERROR;
				GCC_WARN_UNDECLARED_SELECTOR = YES;
				GCC_WARN_UNINITIALIZED_AUTOS = YES_AGGRESSIVE;
				GCC_WARN_UNUSED_FUNCTION = YES;
				GCC_WARN_UNUSED_VARIABLE = YES;
				IPHONEOS_DEPLOYMENT_TARGET = 17.2;
				LOCALIZATION_PREFERS_STRING_CATALOGS = YES;
				MTL_ENABLE_DEBUG_INFO = NO;
				MTL_FAST_MATH = YES;
				SDKROOT = iphoneos;
				SWIFT_COMPILATION_MODE = wholemodule;
				VALIDATE_PRODUCT = YES;
			};
			name = Release;
		};
		84F1B13B2C4E8737007A81D8 /* Debug */ = {
			isa = XCBuildConfiguration;
			baseConfigurationReference = 205EED7B78C6902839DC8ABF /* Pods-TigerLingua.debug.xcconfig */;
			buildSettings = {
				ASSETCATALOG_COMPILER_APPICON_NAME = AppIcon;
				ASSETCATALOG_COMPILER_GLOBAL_ACCENT_COLOR_NAME = AccentColor;
				CODE_SIGN_ENTITLEMENTS = TigerLingua/TigerLingua.entitlements;
				CODE_SIGN_STYLE = Manual;
				CURRENT_PROJECT_VERSION = 1;
				DEVELOPMENT_TEAM = "";
				GENERATE_INFOPLIST_FILE = YES;
				INFOPLIST_FILE = TigerLingua/Info.plist;
				INFOPLIST_KEY_UIApplicationSupportsIndirectInputEvents = YES;
				INFOPLIST_KEY_UILaunchStoryboardName = LaunchScreen;
				INFOPLIST_KEY_UIMainStoryboardFile = Main;
				INFOPLIST_KEY_UISupportedInterfaceOrientations = UIInterfaceOrientationPortrait;
				INFOPLIST_KEY_UISupportedInterfaceOrientations_iPad = "UIInterfaceOrientationLandscapeLeft UIInterfaceOrientationLandscapeRight UIInterfaceOrientationPortrait UIInterfaceOrientationPortraitUpsideDown";
				IPHONEOS_DEPLOYMENT_TARGET = 16.0;
				LD_RUNPATH_SEARCH_PATHS = (
					"$(inherited)",
					"@executable_path/Frameworks",
				);
				MARKETING_VERSION = 1.0;
				PRODUCT_BUNDLE_IDENTIFIER = com.TigerLingua;
				PRODUCT_NAME = "$(TARGET_NAME)";
				PROVISIONING_PROFILE_SPECIFIER = "";
				SUPPORTED_PLATFORMS = "iphoneos iphonesimulator";
				SUPPORTS_MACCATALYST = NO;
				SUPPORTS_MAC_DESIGNED_FOR_IPHONE_IPAD = NO;
				SUPPORTS_XR_DESIGNED_FOR_IPHONE_IPAD = NO;
				SWIFT_EMIT_LOC_STRINGS = YES;
				SWIFT_VERSION = 5.0;
				TARGETED_DEVICE_FAMILY = 1;
			};
			name = Debug;
		};
		84F1B13C2C4E8737007A81D8 /* Release */ = {
			isa = XCBuildConfiguration;
			baseConfigurationReference = 24A1A790A28942D540ECB756 /* Pods-TigerLingua.release.xcconfig */;
			buildSettings = {
				ASSETCATALOG_COMPILER_APPICON_NAME = AppIcon;
				ASSETCATALOG_COMPILER_GLOBAL_ACCENT_COLOR_NAME = AccentColor;
				CODE_SIGN_ENTITLEMENTS = TigerLingua/TigerLingua.entitlements;
				CODE_SIGN_STYLE = Manual;
				CURRENT_PROJECT_VERSION = 1;
				DEVELOPMENT_TEAM = "";
				GENERATE_INFOPLIST_FILE = YES;
				INFOPLIST_FILE = TigerLingua/Info.plist;
				INFOPLIST_KEY_UIApplicationSupportsIndirectInputEvents = YES;
				INFOPLIST_KEY_UILaunchStoryboardName = LaunchScreen;
				INFOPLIST_KEY_UIMainStoryboardFile = Main;
				INFOPLIST_KEY_UISupportedInterfaceOrientations = UIInterfaceOrientationPortrait;
				INFOPLIST_KEY_UISupportedInterfaceOrientations_iPad = "UIInterfaceOrientationLandscapeLeft UIInterfaceOrientationLandscapeRight UIInterfaceOrientationPortrait UIInterfaceOrientationPortraitUpsideDown";
				IPHONEOS_DEPLOYMENT_TARGET = 16.0;
				LD_RUNPATH_SEARCH_PATHS = (
					"$(inherited)",
					"@executable_path/Frameworks",
				);
				MARKETING_VERSION = 1.0;
				PRODUCT_BUNDLE_IDENTIFIER = com.TigerLingua;
				PRODUCT_NAME = "$(TARGET_NAME)";
				PROVISIONING_PROFILE_SPECIFIER = "";
				SUPPORTED_PLATFORMS = "iphoneos iphonesimulator";
				SUPPORTS_MACCATALYST = NO;
				SUPPORTS_MAC_DESIGNED_FOR_IPHONE_IPAD = NO;
				SUPPORTS_XR_DESIGNED_FOR_IPHONE_IPAD = NO;
				SWIFT_EMIT_LOC_STRINGS = YES;
				SWIFT_VERSION = 5.0;
				TARGETED_DEVICE_FAMILY = 1;
			};
			name = Release;
		};
/* End XCBuildConfiguration section */

/* Begin XCConfigurationList section */
		84F1B1212C4E8734007A81D8 /* Build configuration list for PBXProject "TigerLingua" */ = {
			isa = XCConfigurationList;
			buildConfigurations = (
				84F1B1382C4E8737007A81D8 /* Debug */,
				84F1B1392C4E8737007A81D8 /* Release */,
			);
			defaultConfigurationIsVisible = 0;
			defaultConfigurationName = Release;
		};
		84F1B13A2C4E8737007A81D8 /* Build configuration list for PBXNativeTarget "TigerLingua" */ = {
			isa = XCConfigurationList;
			buildConfigurations = (
				84F1B13B2C4E8737007A81D8 /* Debug */,
				84F1B13C2C4E8737007A81D8 /* Release */,
			);
			defaultConfigurationIsVisible = 0;
			defaultConfigurationName = Release;
		};
/* End XCConfigurationList section */

/* Begin XCRemoteSwiftPackageReference section */
		84F1B1992C4E8ACE007A81D8 /* XCRemoteSwiftPackageReference "lottie-spm" */ = {
			isa = XCRemoteSwiftPackageReference;
			repositoryURL = "https://github.com/airbnb/lottie-spm.git";
			requirement = {
				kind = upToNextMajorVersion;
				minimumVersion = 4.5.0;
			};
		};
/* End XCRemoteSwiftPackageReference section */

/* Begin XCSwiftPackageProductDependency section */
		84F1B19A2C4E8ACE007A81D8 /* Lottie */ = {
			isa = XCSwiftPackageProductDependency;
			package = 84F1B1992C4E8ACE007A81D8 /* XCRemoteSwiftPackageReference "lottie-spm" */;
			productName = Lottie;
		};
/* End XCSwiftPackageProductDependency section */
	};
	rootObject = 84F1B11E2C4E8734007A81D8 /* Project object */;
}
